// !$*UTF8*$!
{
	archiveVersion = 1;
	classes = {
	};
	objectVersion = 51;
	objects = {

/* Begin PBXBuildFile section */
		160C03B22579664B005C92D0 /* PercentFormatter.swift in Sources */ = {isa = PBXBuildFile; fileRef = 160C03B12579664B005C92D0 /* PercentFormatter.swift */; };
		1627A7FD257559CD00F42B09 /* UserVC.swift in Sources */ = {isa = PBXBuildFile; fileRef = 1627A7FC257559CD00F42B09 /* UserVC.swift */; };
		1627A802257559DD00F42B09 /* StatsVC.swift in Sources */ = {isa = PBXBuildFile; fileRef = 1627A801257559DD00F42B09 /* StatsVC.swift */; };
		1627A807257559F700F42B09 /* TabBarVC.swift in Sources */ = {isa = PBXBuildFile; fileRef = 1627A806257559F700F42B09 /* TabBarVC.swift */; };
		1627A80C257581D500F42B09 /* ServiceProvider.swift in Sources */ = {isa = PBXBuildFile; fileRef = 1627A80B257581D500F42B09 /* ServiceProvider.swift */; };
		1627A811257581ED00F42B09 /* Service.swift in Sources */ = {isa = PBXBuildFile; fileRef = 1627A810257581ED00F42B09 /* Service.swift */; };
		1627A8162575822D00F42B09 /* WakaTimeService.swift in Sources */ = {isa = PBXBuildFile; fileRef = 1627A8152575822D00F42B09 /* WakaTimeService.swift */; };
		1627A8232575865E00F42B09 /* UserView.swift in Sources */ = {isa = PBXBuildFile; fileRef = 1627A8222575865E00F42B09 /* UserView.swift */; };
		1627A82C2575878C00F42B09 /* User.swift in Sources */ = {isa = PBXBuildFile; fileRef = 1627A82B2575878C00F42B09 /* User.swift */; };
		163D72E22582AF0600E5393C /* CustomCategoryData.swift in Sources */ = {isa = PBXBuildFile; fileRef = 163D72E12582AF0600E5393C /* CustomCategoryData.swift */; };
		163D72E72582B64E00E5393C /* SecondsToTimeFormatter.swift in Sources */ = {isa = PBXBuildFile; fileRef = 163D72E62582B64E00E5393C /* SecondsToTimeFormatter.swift */; };
		1645BA74259B6E2700C2D2F0 /* TimeFormatter.swift in Sources */ = {isa = PBXBuildFile; fileRef = 1645BA73259B6E2700C2D2F0 /* TimeFormatter.swift */; };
		1645BA79259B6F8900C2D2F0 /* DailyAverageChart.swift in Sources */ = {isa = PBXBuildFile; fileRef = 1645BA78259B6F8900C2D2F0 /* DailyAverageChart.swift */; };
		164A59D0256C6732009442A8 /* WelcomeView.swift in Sources */ = {isa = PBXBuildFile; fileRef = 164A59CF256C6732009442A8 /* WelcomeView.swift */; };
		164A59DB256C6C0F009442A8 /* KeychainWrapper.swift in Sources */ = {isa = PBXBuildFile; fileRef = 164A59DA256C6C0F009442A8 /* KeychainWrapper.swift */; };
		1650DBCC2576457B00F1F148 /* DateFormatter.swift in Sources */ = {isa = PBXBuildFile; fileRef = 1650DBCB2576457B00F1F148 /* DateFormatter.swift */; };
		16613F1B2577C96D0074C8B8 /* Stats.swift in Sources */ = {isa = PBXBuildFile; fileRef = 16613F1A2577C96D0074C8B8 /* Stats.swift */; };
		16629AD4259B89C300633AEE /* DailyAverageView.swift in Sources */ = {isa = PBXBuildFile; fileRef = 16629AD3259B89C300633AEE /* DailyAverageView.swift */; };
		167CC298256C26BD004D919A /* OAuth.swift in Sources */ = {isa = PBXBuildFile; fileRef = 167CC297256C26BD004D919A /* OAuth.swift */; };
		1694E20B25839BFA00BC6198 /* ShortDateFormatter.swift in Sources */ = {isa = PBXBuildFile; fileRef = 1694E20A25839BFA00BC6198 /* ShortDateFormatter.swift */; };
		16953EAB25913CBA00530AC2 /* PieChart.swift in Sources */ = {isa = PBXBuildFile; fileRef = 16953EAA25913CBA00530AC2 /* PieChart.swift */; };
		16953EB425913E4500530AC2 /* CategoryChart.swift in Sources */ = {isa = PBXBuildFile; fileRef = 16953EB325913E4500530AC2 /* CategoryChart.swift */; };
		169897C7258BCCCF002AA3E6 /* Date+Extension.swift in Sources */ = {isa = PBXBuildFile; fileRef = 169897C6258BCCCF002AA3E6 /* Date+Extension.swift */; };
		169897CC258BD0B7002AA3E6 /* DateSelector.swift in Sources */ = {isa = PBXBuildFile; fileRef = 169897CB258BD0B7002AA3E6 /* DateSelector.swift */; };
		16A146EA2581790500C50D3F /* Summary.swift in Sources */ = {isa = PBXBuildFile; fileRef = 16A146E92581790500C50D3F /* Summary.swift */; };
		16A146EF25817C2A00C50D3F /* StatsView.swift in Sources */ = {isa = PBXBuildFile; fileRef = 16A146EE25817C2A00C50D3F /* StatsView.swift */; };
		16D361E82592CDD3003CF48C /* Error.swift in Sources */ = {isa = PBXBuildFile; fileRef = 16D361E72592CDD3003CF48C /* Error.swift */; };
		16D361ED2592CFA4003CF48C /* Alert+Extension.swift in Sources */ = {isa = PBXBuildFile; fileRef = 16D361EC2592CFA4003CF48C /* Alert+Extension.swift */; };
		16DF7F732565DFB4005A4110 /* AppDelegate.swift in Sources */ = {isa = PBXBuildFile; fileRef = 16DF7F722565DFB4005A4110 /* AppDelegate.swift */; };
		16DF7F752565DFB4005A4110 /* SceneDelegate.swift in Sources */ = {isa = PBXBuildFile; fileRef = 16DF7F742565DFB4005A4110 /* SceneDelegate.swift */; };
		16DF7F772565DFB4005A4110 /* WelcomeVC.swift in Sources */ = {isa = PBXBuildFile; fileRef = 16DF7F762565DFB4005A4110 /* WelcomeVC.swift */; };
		16DF7F7C2565DFB4005A4110 /* Assets.xcassets in Resources */ = {isa = PBXBuildFile; fileRef = 16DF7F7B2565DFB4005A4110 /* Assets.xcassets */; };
		16DF7F7F2565DFB4005A4110 /* LaunchScreen.storyboard in Resources */ = {isa = PBXBuildFile; fileRef = 16DF7F7D2565DFB4005A4110 /* LaunchScreen.storyboard */; };
		16DF7F8A2565DFB4005A4110 /* WakaHubTests.swift in Sources */ = {isa = PBXBuildFile; fileRef = 16DF7F892565DFB4005A4110 /* WakaHubTests.swift */; };
		16DF7F952565DFB4005A4110 /* WakaHubUITests.swift in Sources */ = {isa = PBXBuildFile; fileRef = 16DF7F942565DFB4005A4110 /* WakaHubUITests.swift */; };
		16F05F85258A45FD008FAD6C /* SettingsVC.swift in Sources */ = {isa = PBXBuildFile; fileRef = 16F05F84258A45FD008FAD6C /* SettingsVC.swift */; };
		16F05F8D258A46B5008FAD6C /* SettingsView.swift in Sources */ = {isa = PBXBuildFile; fileRef = 16F05F8C258A46B5008FAD6C /* SettingsView.swift */; };
		4CFD22A085D0F1FA6A266F49 /* Pods_WakaHub_WakaHubUITests.framework in Frameworks */ = {isa = PBXBuildFile; fileRef = 8F1E197DBE435F47E79E3175 /* Pods_WakaHub_WakaHubUITests.framework */; };
		D74B45421059F4BDDA4AD0F1 /* Pods_WakaHubTests.framework in Frameworks */ = {isa = PBXBuildFile; fileRef = 1BEEE5F3B175EABDDAC825AC /* Pods_WakaHubTests.framework */; };
		F30D7CA82E75448125F525F9 /* Pods_WakaHub.framework in Frameworks */ = {isa = PBXBuildFile; fileRef = 2DF74F895A16C2834394A4B5 /* Pods_WakaHub.framework */; };
/* End PBXBuildFile section */

/* Begin PBXContainerItemProxy section */
		16DF7F862565DFB4005A4110 /* PBXContainerItemProxy */ = {
			isa = PBXContainerItemProxy;
			containerPortal = 16DF7F672565DFB4005A4110 /* Project object */;
			proxyType = 1;
			remoteGlobalIDString = 16DF7F6E2565DFB4005A4110;
			remoteInfo = WakaHub;
		};
		16DF7F912565DFB4005A4110 /* PBXContainerItemProxy */ = {
			isa = PBXContainerItemProxy;
			containerPortal = 16DF7F672565DFB4005A4110 /* Project object */;
			proxyType = 1;
			remoteGlobalIDString = 16DF7F6E2565DFB4005A4110;
			remoteInfo = WakaHub;
		};
/* End PBXContainerItemProxy section */

/* Begin PBXFileReference section */
		160C03B12579664B005C92D0 /* PercentFormatter.swift */ = {isa = PBXFileReference; lastKnownFileType = sourcecode.swift; path = PercentFormatter.swift; sourceTree = "<group>"; };
		1627A7FC257559CD00F42B09 /* UserVC.swift */ = {isa = PBXFileReference; lastKnownFileType = sourcecode.swift; path = UserVC.swift; sourceTree = "<group>"; };
		1627A801257559DD00F42B09 /* StatsVC.swift */ = {isa = PBXFileReference; lastKnownFileType = sourcecode.swift; path = StatsVC.swift; sourceTree = "<group>"; };
		1627A806257559F700F42B09 /* TabBarVC.swift */ = {isa = PBXFileReference; lastKnownFileType = sourcecode.swift; path = TabBarVC.swift; sourceTree = "<group>"; };
		1627A80B257581D500F42B09 /* ServiceProvider.swift */ = {isa = PBXFileReference; lastKnownFileType = sourcecode.swift; path = ServiceProvider.swift; sourceTree = "<group>"; };
		1627A810257581ED00F42B09 /* Service.swift */ = {isa = PBXFileReference; lastKnownFileType = sourcecode.swift; path = Service.swift; sourceTree = "<group>"; };
		1627A8152575822D00F42B09 /* WakaTimeService.swift */ = {isa = PBXFileReference; lastKnownFileType = sourcecode.swift; path = WakaTimeService.swift; sourceTree = "<group>"; };
		1627A8222575865E00F42B09 /* UserView.swift */ = {isa = PBXFileReference; lastKnownFileType = sourcecode.swift; path = UserView.swift; sourceTree = "<group>"; };
		1627A82B2575878C00F42B09 /* User.swift */ = {isa = PBXFileReference; lastKnownFileType = sourcecode.swift; path = User.swift; sourceTree = "<group>"; };
		163D72E12582AF0600E5393C /* CustomCategoryData.swift */ = {isa = PBXFileReference; lastKnownFileType = sourcecode.swift; path = CustomCategoryData.swift; sourceTree = "<group>"; };
		163D72E62582B64E00E5393C /* SecondsToTimeFormatter.swift */ = {isa = PBXFileReference; lastKnownFileType = sourcecode.swift; path = SecondsToTimeFormatter.swift; sourceTree = "<group>"; };
		1645BA73259B6E2700C2D2F0 /* TimeFormatter.swift */ = {isa = PBXFileReference; lastKnownFileType = sourcecode.swift; path = TimeFormatter.swift; sourceTree = "<group>"; };
		1645BA78259B6F8900C2D2F0 /* DailyAverageChart.swift */ = {isa = PBXFileReference; lastKnownFileType = sourcecode.swift; path = DailyAverageChart.swift; sourceTree = "<group>"; };
		164A59CF256C6732009442A8 /* WelcomeView.swift */ = {isa = PBXFileReference; lastKnownFileType = sourcecode.swift; path = WelcomeView.swift; sourceTree = "<group>"; };
		164A59DA256C6C0F009442A8 /* KeychainWrapper.swift */ = {isa = PBXFileReference; lastKnownFileType = sourcecode.swift; path = KeychainWrapper.swift; sourceTree = "<group>"; };
		1650DBCB2576457B00F1F148 /* DateFormatter.swift */ = {isa = PBXFileReference; lastKnownFileType = sourcecode.swift; path = DateFormatter.swift; sourceTree = "<group>"; };
		16613F1A2577C96D0074C8B8 /* Stats.swift */ = {isa = PBXFileReference; lastKnownFileType = sourcecode.swift; path = Stats.swift; sourceTree = "<group>"; };
		16629AD3259B89C300633AEE /* DailyAverageView.swift */ = {isa = PBXFileReference; lastKnownFileType = sourcecode.swift; path = DailyAverageView.swift; sourceTree = "<group>"; };
		167CC297256C26BD004D919A /* OAuth.swift */ = {isa = PBXFileReference; lastKnownFileType = sourcecode.swift; path = OAuth.swift; sourceTree = "<group>"; };
		1694E20A25839BFA00BC6198 /* ShortDateFormatter.swift */ = {isa = PBXFileReference; lastKnownFileType = sourcecode.swift; path = ShortDateFormatter.swift; sourceTree = "<group>"; };
		16953EAA25913CBA00530AC2 /* PieChart.swift */ = {isa = PBXFileReference; lastKnownFileType = sourcecode.swift; path = PieChart.swift; sourceTree = "<group>"; };
		16953EB325913E4500530AC2 /* CategoryChart.swift */ = {isa = PBXFileReference; lastKnownFileType = sourcecode.swift; path = CategoryChart.swift; sourceTree = "<group>"; };
		169897C6258BCCCF002AA3E6 /* Date+Extension.swift */ = {isa = PBXFileReference; lastKnownFileType = sourcecode.swift; path = "Date+Extension.swift"; sourceTree = "<group>"; };
		169897CB258BD0B7002AA3E6 /* DateSelector.swift */ = {isa = PBXFileReference; lastKnownFileType = sourcecode.swift; path = DateSelector.swift; sourceTree = "<group>"; };
		16A146E92581790500C50D3F /* Summary.swift */ = {isa = PBXFileReference; lastKnownFileType = sourcecode.swift; path = Summary.swift; sourceTree = "<group>"; };
		16A146EE25817C2A00C50D3F /* StatsView.swift */ = {isa = PBXFileReference; lastKnownFileType = sourcecode.swift; path = StatsView.swift; sourceTree = "<group>"; };
		16D361E72592CDD3003CF48C /* Error.swift */ = {isa = PBXFileReference; lastKnownFileType = sourcecode.swift; path = Error.swift; sourceTree = "<group>"; };
		16D361EC2592CFA4003CF48C /* Alert+Extension.swift */ = {isa = PBXFileReference; lastKnownFileType = sourcecode.swift; path = "Alert+Extension.swift"; sourceTree = "<group>"; };
		16DF7F6F2565DFB4005A4110 /* WakaHub.app */ = {isa = PBXFileReference; explicitFileType = wrapper.application; includeInIndex = 0; path = WakaHub.app; sourceTree = BUILT_PRODUCTS_DIR; };
		16DF7F722565DFB4005A4110 /* AppDelegate.swift */ = {isa = PBXFileReference; lastKnownFileType = sourcecode.swift; path = AppDelegate.swift; sourceTree = "<group>"; };
		16DF7F742565DFB4005A4110 /* SceneDelegate.swift */ = {isa = PBXFileReference; lastKnownFileType = sourcecode.swift; path = SceneDelegate.swift; sourceTree = "<group>"; };
		16DF7F762565DFB4005A4110 /* WelcomeVC.swift */ = {isa = PBXFileReference; lastKnownFileType = sourcecode.swift; path = WelcomeVC.swift; sourceTree = "<group>"; };
		16DF7F7B2565DFB4005A4110 /* Assets.xcassets */ = {isa = PBXFileReference; lastKnownFileType = folder.assetcatalog; path = Assets.xcassets; sourceTree = "<group>"; };
		16DF7F7E2565DFB4005A4110 /* Base */ = {isa = PBXFileReference; lastKnownFileType = file.storyboard; name = Base; path = Base.lproj/LaunchScreen.storyboard; sourceTree = "<group>"; };
		16DF7F802565DFB4005A4110 /* Info.plist */ = {isa = PBXFileReference; lastKnownFileType = text.plist.xml; path = Info.plist; sourceTree = "<group>"; };
		16DF7F852565DFB4005A4110 /* WakaHubTests.xctest */ = {isa = PBXFileReference; explicitFileType = wrapper.cfbundle; includeInIndex = 0; path = WakaHubTests.xctest; sourceTree = BUILT_PRODUCTS_DIR; };
		16DF7F892565DFB4005A4110 /* WakaHubTests.swift */ = {isa = PBXFileReference; lastKnownFileType = sourcecode.swift; path = WakaHubTests.swift; sourceTree = "<group>"; };
		16DF7F8B2565DFB4005A4110 /* Info.plist */ = {isa = PBXFileReference; lastKnownFileType = text.plist.xml; path = Info.plist; sourceTree = "<group>"; };
		16DF7F902565DFB4005A4110 /* WakaHubUITests.xctest */ = {isa = PBXFileReference; explicitFileType = wrapper.cfbundle; includeInIndex = 0; path = WakaHubUITests.xctest; sourceTree = BUILT_PRODUCTS_DIR; };
		16DF7F942565DFB4005A4110 /* WakaHubUITests.swift */ = {isa = PBXFileReference; lastKnownFileType = sourcecode.swift; path = WakaHubUITests.swift; sourceTree = "<group>"; };
		16DF7F962565DFB4005A4110 /* Info.plist */ = {isa = PBXFileReference; lastKnownFileType = text.plist.xml; path = Info.plist; sourceTree = "<group>"; };
		16F05F84258A45FD008FAD6C /* SettingsVC.swift */ = {isa = PBXFileReference; lastKnownFileType = sourcecode.swift; path = SettingsVC.swift; sourceTree = "<group>"; };
		16F05F8C258A46B5008FAD6C /* SettingsView.swift */ = {isa = PBXFileReference; lastKnownFileType = sourcecode.swift; path = SettingsView.swift; sourceTree = "<group>"; };
		1BEEE5F3B175EABDDAC825AC /* Pods_WakaHubTests.framework */ = {isa = PBXFileReference; explicitFileType = wrapper.framework; includeInIndex = 0; path = Pods_WakaHubTests.framework; sourceTree = BUILT_PRODUCTS_DIR; };
		29630B6456D617A6C5CFF9F0 /* Pods-WakaHubTests.release.xcconfig */ = {isa = PBXFileReference; includeInIndex = 1; lastKnownFileType = text.xcconfig; name = "Pods-WakaHubTests.release.xcconfig"; path = "Target Support Files/Pods-WakaHubTests/Pods-WakaHubTests.release.xcconfig"; sourceTree = "<group>"; };
		2DF74F895A16C2834394A4B5 /* Pods_WakaHub.framework */ = {isa = PBXFileReference; explicitFileType = wrapper.framework; includeInIndex = 0; path = Pods_WakaHub.framework; sourceTree = BUILT_PRODUCTS_DIR; };
		8F1E197DBE435F47E79E3175 /* Pods_WakaHub_WakaHubUITests.framework */ = {isa = PBXFileReference; explicitFileType = wrapper.framework; includeInIndex = 0; path = Pods_WakaHub_WakaHubUITests.framework; sourceTree = BUILT_PRODUCTS_DIR; };
		ABB793A667CC9CF6AE0E4F02 /* Pods-WakaHubTests.debug.xcconfig */ = {isa = PBXFileReference; includeInIndex = 1; lastKnownFileType = text.xcconfig; name = "Pods-WakaHubTests.debug.xcconfig"; path = "Target Support Files/Pods-WakaHubTests/Pods-WakaHubTests.debug.xcconfig"; sourceTree = "<group>"; };
		C525DC31988864D3D02F9944 /* Pods-WakaHub-WakaHubUITests.release.xcconfig */ = {isa = PBXFileReference; includeInIndex = 1; lastKnownFileType = text.xcconfig; name = "Pods-WakaHub-WakaHubUITests.release.xcconfig"; path = "Target Support Files/Pods-WakaHub-WakaHubUITests/Pods-WakaHub-WakaHubUITests.release.xcconfig"; sourceTree = "<group>"; };
		CA4C747CC5894F1E63D19C9E /* Pods-WakaHub.release.xcconfig */ = {isa = PBXFileReference; includeInIndex = 1; lastKnownFileType = text.xcconfig; name = "Pods-WakaHub.release.xcconfig"; path = "Target Support Files/Pods-WakaHub/Pods-WakaHub.release.xcconfig"; sourceTree = "<group>"; };
		E49F6DCD0D84CACE8EDA61F1 /* Pods-WakaHub.debug.xcconfig */ = {isa = PBXFileReference; includeInIndex = 1; lastKnownFileType = text.xcconfig; name = "Pods-WakaHub.debug.xcconfig"; path = "Target Support Files/Pods-WakaHub/Pods-WakaHub.debug.xcconfig"; sourceTree = "<group>"; };
		F275457CFE36A1449ED54866 /* Pods-WakaHub-WakaHubUITests.debug.xcconfig */ = {isa = PBXFileReference; includeInIndex = 1; lastKnownFileType = text.xcconfig; name = "Pods-WakaHub-WakaHubUITests.debug.xcconfig"; path = "Target Support Files/Pods-WakaHub-WakaHubUITests/Pods-WakaHub-WakaHubUITests.debug.xcconfig"; sourceTree = "<group>"; };
/* End PBXFileReference section */

/* Begin PBXFrameworksBuildPhase section */
		16DF7F6C2565DFB4005A4110 /* Frameworks */ = {
			isa = PBXFrameworksBuildPhase;
			buildActionMask = 2147483647;
			files = (
				F30D7CA82E75448125F525F9 /* Pods_WakaHub.framework in Frameworks */,
			);
			runOnlyForDeploymentPostprocessing = 0;
		};
		16DF7F822565DFB4005A4110 /* Frameworks */ = {
			isa = PBXFrameworksBuildPhase;
			buildActionMask = 2147483647;
			files = (
				D74B45421059F4BDDA4AD0F1 /* Pods_WakaHubTests.framework in Frameworks */,
			);
			runOnlyForDeploymentPostprocessing = 0;
		};
		16DF7F8D2565DFB4005A4110 /* Frameworks */ = {
			isa = PBXFrameworksBuildPhase;
			buildActionMask = 2147483647;
			files = (
				4CFD22A085D0F1FA6A266F49 /* Pods_WakaHub_WakaHubUITests.framework in Frameworks */,
			);
			runOnlyForDeploymentPostprocessing = 0;
		};
/* End PBXFrameworksBuildPhase section */

/* Begin PBXGroup section */
		160C03A825796615005C92D0 /* Chart+Extension */ = {
			isa = PBXGroup;
			children = (
				160C03B12579664B005C92D0 /* PercentFormatter.swift */,
				163D72E62582B64E00E5393C /* SecondsToTimeFormatter.swift */,
				1694E20A25839BFA00BC6198 /* ShortDateFormatter.swift */,
			);
			path = "Chart+Extension";
			sourceTree = "<group>";
		};
		1627A82A2575878500F42B09 /* Model */ = {
			isa = PBXGroup;
			children = (
				1627A82B2575878C00F42B09 /* User.swift */,
				16613F1A2577C96D0074C8B8 /* Stats.swift */,
				16A146E92581790500C50D3F /* Summary.swift */,
				163D72E12582AF0600E5393C /* CustomCategoryData.swift */,
			);
			path = Model;
			sourceTree = "<group>";
		};
		164A59CB256C66E0009442A8 /* Controller */ = {
			isa = PBXGroup;
			children = (
				16953EAF25913DEE00530AC2 /* StatsVC */,
				16F05F84258A45FD008FAD6C /* SettingsVC.swift */,
				1627A806257559F700F42B09 /* TabBarVC.swift */,
				1627A7FC257559CD00F42B09 /* UserVC.swift */,
				16DF7F762565DFB4005A4110 /* WelcomeVC.swift */,
			);
			path = Controller;
			sourceTree = "<group>";
		};
		164A59DF256C6D9E009442A8 /* Tools */ = {
			isa = PBXGroup;
			children = (
				160C03A825796615005C92D0 /* Chart+Extension */,
				164A59DA256C6C0F009442A8 /* KeychainWrapper.swift */,
				1650DBCB2576457B00F1F148 /* DateFormatter.swift */,
				169897C6258BCCCF002AA3E6 /* Date+Extension.swift */,
				169897CB258BD0B7002AA3E6 /* DateSelector.swift */,
				16D361EC2592CFA4003CF48C /* Alert+Extension.swift */,
				1645BA73259B6E2700C2D2F0 /* TimeFormatter.swift */,
			);
			path = Tools;
			sourceTree = "<group>";
		};
		16629AD2259B89A500633AEE /* StatsView */ = {
			isa = PBXGroup;
			children = (
				16A146EE25817C2A00C50D3F /* StatsView.swift */,
				16629AD3259B89C300633AEE /* DailyAverageView.swift */,
			);
			path = StatsView;
			sourceTree = "<group>";
		};
		167CC295256C26A3004D919A /* Networking */ = {
			isa = PBXGroup;
			children = (
				167CC297256C26BD004D919A /* OAuth.swift */,
				1627A80B257581D500F42B09 /* ServiceProvider.swift */,
				1627A810257581ED00F42B09 /* Service.swift */,
				1627A8152575822D00F42B09 /* WakaTimeService.swift */,
				16D361E72592CDD3003CF48C /* Error.swift */,
			);
			path = Networking;
			sourceTree = "<group>";
		};
		16953EAF25913DEE00530AC2 /* StatsVC */ = {
			isa = PBXGroup;
			children = (
				1627A801257559DD00F42B09 /* StatsVC.swift */,
				16953EAA25913CBA00530AC2 /* PieChart.swift */,
				16953EB325913E4500530AC2 /* CategoryChart.swift */,
				1645BA78259B6F8900C2D2F0 /* DailyAverageChart.swift */,
			);
			path = StatsVC;
			sourceTree = "<group>";
		};
		16DF7F662565DFB4005A4110 = {
			isa = PBXGroup;
			children = (
				16DF7F712565DFB4005A4110 /* WakaHub */,
				16DF7F882565DFB4005A4110 /* WakaHubTests */,
				16DF7F932565DFB4005A4110 /* WakaHubUITests */,
				16DF7F702565DFB4005A4110 /* Products */,
				E9546595EDE0E3F6F686E65B /* Pods */,
				7B4413A97DECD8244A31168B /* Frameworks */,
			);
			sourceTree = "<group>";
		};
		16DF7F702565DFB4005A4110 /* Products */ = {
			isa = PBXGroup;
			children = (
				16DF7F6F2565DFB4005A4110 /* WakaHub.app */,
				16DF7F852565DFB4005A4110 /* WakaHubTests.xctest */,
				16DF7F902565DFB4005A4110 /* WakaHubUITests.xctest */,
			);
			name = Products;
			sourceTree = "<group>";
		};
		16DF7F712565DFB4005A4110 /* WakaHub */ = {
			isa = PBXGroup;
			children = (
				16DF7FA82565DFDA005A4110 /* AppDelegate */,
				164A59CB256C66E0009442A8 /* Controller */,
				1627A82A2575878500F42B09 /* Model */,
				167CC295256C26A3004D919A /* Networking */,
				16DF7FAD2565E019005A4110 /* Resources */,
				164A59DF256C6D9E009442A8 /* Tools */,
				16DF7FA92565DFFE005A4110 /* View */,
			);
			path = WakaHub;
			sourceTree = "<group>";
		};
		16DF7F882565DFB4005A4110 /* WakaHubTests */ = {
			isa = PBXGroup;
			children = (
				16DF7F892565DFB4005A4110 /* WakaHubTests.swift */,
				16DF7F8B2565DFB4005A4110 /* Info.plist */,
			);
			path = WakaHubTests;
			sourceTree = "<group>";
		};
		16DF7F932565DFB4005A4110 /* WakaHubUITests */ = {
			isa = PBXGroup;
			children = (
				16DF7F942565DFB4005A4110 /* WakaHubUITests.swift */,
				16DF7F962565DFB4005A4110 /* Info.plist */,
			);
			path = WakaHubUITests;
			sourceTree = "<group>";
		};
		16DF7FA82565DFDA005A4110 /* AppDelegate */ = {
			isa = PBXGroup;
			children = (
				16DF7F722565DFB4005A4110 /* AppDelegate.swift */,
				16DF7F742565DFB4005A4110 /* SceneDelegate.swift */,
			);
			path = AppDelegate;
			sourceTree = "<group>";
		};
		16DF7FA92565DFFE005A4110 /* View */ = {
			isa = PBXGroup;
			children = (
				16629AD2259B89A500633AEE /* StatsView */,
				16DF7F7D2565DFB4005A4110 /* LaunchScreen.storyboard */,
				16F05F8C258A46B5008FAD6C /* SettingsView.swift */,
				1627A8222575865E00F42B09 /* UserView.swift */,
				164A59CF256C6732009442A8 /* WelcomeView.swift */,
			);
			path = View;
			sourceTree = "<group>";
		};
		16DF7FAD2565E019005A4110 /* Resources */ = {
			isa = PBXGroup;
			children = (
				16DF7F7B2565DFB4005A4110 /* Assets.xcassets */,
				16DF7F802565DFB4005A4110 /* Info.plist */,
			);
			path = Resources;
			sourceTree = "<group>";
		};
		7B4413A97DECD8244A31168B /* Frameworks */ = {
			isa = PBXGroup;
			children = (
				2DF74F895A16C2834394A4B5 /* Pods_WakaHub.framework */,
				8F1E197DBE435F47E79E3175 /* Pods_WakaHub_WakaHubUITests.framework */,
				1BEEE5F3B175EABDDAC825AC /* Pods_WakaHubTests.framework */,
			);
			name = Frameworks;
			sourceTree = "<group>";
		};
		E9546595EDE0E3F6F686E65B /* Pods */ = {
			isa = PBXGroup;
			children = (
				E49F6DCD0D84CACE8EDA61F1 /* Pods-WakaHub.debug.xcconfig */,
				CA4C747CC5894F1E63D19C9E /* Pods-WakaHub.release.xcconfig */,
				F275457CFE36A1449ED54866 /* Pods-WakaHub-WakaHubUITests.debug.xcconfig */,
				C525DC31988864D3D02F9944 /* Pods-WakaHub-WakaHubUITests.release.xcconfig */,
				ABB793A667CC9CF6AE0E4F02 /* Pods-WakaHubTests.debug.xcconfig */,
				29630B6456D617A6C5CFF9F0 /* Pods-WakaHubTests.release.xcconfig */,
			);
			path = Pods;
			sourceTree = "<group>";
		};
/* End PBXGroup section */

/* Begin PBXNativeTarget section */
		16DF7F6E2565DFB4005A4110 /* WakaHub */ = {
			isa = PBXNativeTarget;
			buildConfigurationList = 16DF7F992565DFB4005A4110 /* Build configuration list for PBXNativeTarget "WakaHub" */;
			buildPhases = (
				68D77C549F7923D57A51D16A /* [CP] Check Pods Manifest.lock */,
				16DF7F6B2565DFB4005A4110 /* Sources */,
				16DF7F6C2565DFB4005A4110 /* Frameworks */,
				16DF7F6D2565DFB4005A4110 /* Resources */,
				16DF7FB42565E0CE005A4110 /* SwiftLint */,
				C5D29A82ADBF812ECCAA91EF /* [CP] Embed Pods Frameworks */,
			);
			buildRules = (
			);
			dependencies = (
			);
			name = WakaHub;
			productName = WakaHub;
			productReference = 16DF7F6F2565DFB4005A4110 /* WakaHub.app */;
			productType = "com.apple.product-type.application";
		};
		16DF7F842565DFB4005A4110 /* WakaHubTests */ = {
			isa = PBXNativeTarget;
			buildConfigurationList = 16DF7F9C2565DFB4005A4110 /* Build configuration list for PBXNativeTarget "WakaHubTests" */;
			buildPhases = (
				C42D6995C56215A6631C17F7 /* [CP] Check Pods Manifest.lock */,
				16DF7F812565DFB4005A4110 /* Sources */,
				16DF7F822565DFB4005A4110 /* Frameworks */,
				16DF7F832565DFB4005A4110 /* Resources */,
			);
			buildRules = (
			);
			dependencies = (
				16DF7F872565DFB4005A4110 /* PBXTargetDependency */,
			);
			name = WakaHubTests;
			productName = WakaHubTests;
			productReference = 16DF7F852565DFB4005A4110 /* WakaHubTests.xctest */;
			productType = "com.apple.product-type.bundle.unit-test";
		};
		16DF7F8F2565DFB4005A4110 /* WakaHubUITests */ = {
			isa = PBXNativeTarget;
			buildConfigurationList = 16DF7F9F2565DFB4005A4110 /* Build configuration list for PBXNativeTarget "WakaHubUITests" */;
			buildPhases = (
				D3CEC247547ED6F970D89A8D /* [CP] Check Pods Manifest.lock */,
				16DF7F8C2565DFB4005A4110 /* Sources */,
				16DF7F8D2565DFB4005A4110 /* Frameworks */,
				16DF7F8E2565DFB4005A4110 /* Resources */,
				B10229A84FB6E1BCF0AB9F27 /* [CP] Embed Pods Frameworks */,
			);
			buildRules = (
			);
			dependencies = (
				16DF7F922565DFB4005A4110 /* PBXTargetDependency */,
			);
			name = WakaHubUITests;
			productName = WakaHubUITests;
			productReference = 16DF7F902565DFB4005A4110 /* WakaHubUITests.xctest */;
			productType = "com.apple.product-type.bundle.ui-testing";
		};
/* End PBXNativeTarget section */

/* Begin PBXProject section */
		16DF7F672565DFB4005A4110 /* Project object */ = {
			isa = PBXProject;
			attributes = {
				LastSwiftUpdateCheck = 1220;
				LastUpgradeCheck = 1220;
				TargetAttributes = {
					16DF7F6E2565DFB4005A4110 = {
						CreatedOnToolsVersion = 12.2;
					};
					16DF7F842565DFB4005A4110 = {
						CreatedOnToolsVersion = 12.2;
						TestTargetID = 16DF7F6E2565DFB4005A4110;
					};
					16DF7F8F2565DFB4005A4110 = {
						CreatedOnToolsVersion = 12.2;
						TestTargetID = 16DF7F6E2565DFB4005A4110;
					};
				};
			};
			buildConfigurationList = 16DF7F6A2565DFB4005A4110 /* Build configuration list for PBXProject "WakaHub" */;
			compatibilityVersion = "Xcode 9.3";
			developmentRegion = en;
			hasScannedForEncodings = 0;
			knownRegions = (
				en,
				Base,
			);
			mainGroup = 16DF7F662565DFB4005A4110;
			productRefGroup = 16DF7F702565DFB4005A4110 /* Products */;
			projectDirPath = "";
			projectRoot = "";
			targets = (
				16DF7F6E2565DFB4005A4110 /* WakaHub */,
				16DF7F842565DFB4005A4110 /* WakaHubTests */,
				16DF7F8F2565DFB4005A4110 /* WakaHubUITests */,
			);
		};
/* End PBXProject section */

/* Begin PBXResourcesBuildPhase section */
		16DF7F6D2565DFB4005A4110 /* Resources */ = {
			isa = PBXResourcesBuildPhase;
			buildActionMask = 2147483647;
			files = (
				16DF7F7F2565DFB4005A4110 /* LaunchScreen.storyboard in Resources */,
				16DF7F7C2565DFB4005A4110 /* Assets.xcassets in Resources */,
			);
			runOnlyForDeploymentPostprocessing = 0;
		};
		16DF7F832565DFB4005A4110 /* Resources */ = {
			isa = PBXResourcesBuildPhase;
			buildActionMask = 2147483647;
			files = (
			);
			runOnlyForDeploymentPostprocessing = 0;
		};
		16DF7F8E2565DFB4005A4110 /* Resources */ = {
			isa = PBXResourcesBuildPhase;
			buildActionMask = 2147483647;
			files = (
			);
			runOnlyForDeploymentPostprocessing = 0;
		};
/* End PBXResourcesBuildPhase section */

/* Begin PBXShellScriptBuildPhase section */
		16DF7FB42565E0CE005A4110 /* SwiftLint */ = {
			isa = PBXShellScriptBuildPhase;
			buildActionMask = 2147483647;
			files = (
			);
			inputFileListPaths = (
			);
			inputPaths = (
			);
			name = SwiftLint;
			outputFileListPaths = (
			);
			outputPaths = (
			);
			runOnlyForDeploymentPostprocessing = 0;
			shellPath = /bin/sh;
			shellScript = "if which swiftlint >/dev/null; then\n  swiftlint\nelse\n  echo \"warning: SwiftLint not installed, download from https://github.com/realm/SwiftLint\"\nfi\n";
		};
		68D77C549F7923D57A51D16A /* [CP] Check Pods Manifest.lock */ = {
			isa = PBXShellScriptBuildPhase;
			buildActionMask = 2147483647;
			files = (
			);
			inputFileListPaths = (
			);
			inputPaths = (
				"${PODS_PODFILE_DIR_PATH}/Podfile.lock",
				"${PODS_ROOT}/Manifest.lock",
			);
			name = "[CP] Check Pods Manifest.lock";
			outputFileListPaths = (
			);
			outputPaths = (
				"$(DERIVED_FILE_DIR)/Pods-WakaHub-checkManifestLockResult.txt",
			);
			runOnlyForDeploymentPostprocessing = 0;
			shellPath = /bin/sh;
			shellScript = "diff \"${PODS_PODFILE_DIR_PATH}/Podfile.lock\" \"${PODS_ROOT}/Manifest.lock\" > /dev/null\nif [ $? != 0 ] ; then\n    # print error to STDERR\n    echo \"error: The sandbox is not in sync with the Podfile.lock. Run 'pod install' or update your CocoaPods installation.\" >&2\n    exit 1\nfi\n# This output is used by Xcode 'outputs' to avoid re-running this script phase.\necho \"SUCCESS\" > \"${SCRIPT_OUTPUT_FILE_0}\"\n";
			showEnvVarsInLog = 0;
		};
		B10229A84FB6E1BCF0AB9F27 /* [CP] Embed Pods Frameworks */ = {
			isa = PBXShellScriptBuildPhase;
			buildActionMask = 2147483647;
			files = (
			);
			inputFileListPaths = (
				"${PODS_ROOT}/Target Support Files/Pods-WakaHub-WakaHubUITests/Pods-WakaHub-WakaHubUITests-frameworks-${CONFIGURATION}-input-files.xcfilelist",
			);
			name = "[CP] Embed Pods Frameworks";
			outputFileListPaths = (
				"${PODS_ROOT}/Target Support Files/Pods-WakaHub-WakaHubUITests/Pods-WakaHub-WakaHubUITests-frameworks-${CONFIGURATION}-output-files.xcfilelist",
			);
			runOnlyForDeploymentPostprocessing = 0;
			shellPath = /bin/sh;
			shellScript = "\"${PODS_ROOT}/Target Support Files/Pods-WakaHub-WakaHubUITests/Pods-WakaHub-WakaHubUITests-frameworks.sh\"\n";
			showEnvVarsInLog = 0;
		};
		C42D6995C56215A6631C17F7 /* [CP] Check Pods Manifest.lock */ = {
			isa = PBXShellScriptBuildPhase;
			buildActionMask = 2147483647;
			files = (
			);
			inputFileListPaths = (
			);
			inputPaths = (
				"${PODS_PODFILE_DIR_PATH}/Podfile.lock",
				"${PODS_ROOT}/Manifest.lock",
			);
			name = "[CP] Check Pods Manifest.lock";
			outputFileListPaths = (
			);
			outputPaths = (
				"$(DERIVED_FILE_DIR)/Pods-WakaHubTests-checkManifestLockResult.txt",
			);
			runOnlyForDeploymentPostprocessing = 0;
			shellPath = /bin/sh;
			shellScript = "diff \"${PODS_PODFILE_DIR_PATH}/Podfile.lock\" \"${PODS_ROOT}/Manifest.lock\" > /dev/null\nif [ $? != 0 ] ; then\n    # print error to STDERR\n    echo \"error: The sandbox is not in sync with the Podfile.lock. Run 'pod install' or update your CocoaPods installation.\" >&2\n    exit 1\nfi\n# This output is used by Xcode 'outputs' to avoid re-running this script phase.\necho \"SUCCESS\" > \"${SCRIPT_OUTPUT_FILE_0}\"\n";
			showEnvVarsInLog = 0;
		};
		C5D29A82ADBF812ECCAA91EF /* [CP] Embed Pods Frameworks */ = {
			isa = PBXShellScriptBuildPhase;
			buildActionMask = 2147483647;
			files = (
			);
			inputFileListPaths = (
				"${PODS_ROOT}/Target Support Files/Pods-WakaHub/Pods-WakaHub-frameworks-${CONFIGURATION}-input-files.xcfilelist",
			);
			name = "[CP] Embed Pods Frameworks";
			outputFileListPaths = (
				"${PODS_ROOT}/Target Support Files/Pods-WakaHub/Pods-WakaHub-frameworks-${CONFIGURATION}-output-files.xcfilelist",
			);
			runOnlyForDeploymentPostprocessing = 0;
			shellPath = /bin/sh;
			shellScript = "\"${PODS_ROOT}/Target Support Files/Pods-WakaHub/Pods-WakaHub-frameworks.sh\"\n";
			showEnvVarsInLog = 0;
		};
		D3CEC247547ED6F970D89A8D /* [CP] Check Pods Manifest.lock */ = {
			isa = PBXShellScriptBuildPhase;
			buildActionMask = 2147483647;
			files = (
			);
			inputFileListPaths = (
			);
			inputPaths = (
				"${PODS_PODFILE_DIR_PATH}/Podfile.lock",
				"${PODS_ROOT}/Manifest.lock",
			);
			name = "[CP] Check Pods Manifest.lock";
			outputFileListPaths = (
			);
			outputPaths = (
				"$(DERIVED_FILE_DIR)/Pods-WakaHub-WakaHubUITests-checkManifestLockResult.txt",
			);
			runOnlyForDeploymentPostprocessing = 0;
			shellPath = /bin/sh;
			shellScript = "diff \"${PODS_PODFILE_DIR_PATH}/Podfile.lock\" \"${PODS_ROOT}/Manifest.lock\" > /dev/null\nif [ $? != 0 ] ; then\n    # print error to STDERR\n    echo \"error: The sandbox is not in sync with the Podfile.lock. Run 'pod install' or update your CocoaPods installation.\" >&2\n    exit 1\nfi\n# This output is used by Xcode 'outputs' to avoid re-running this script phase.\necho \"SUCCESS\" > \"${SCRIPT_OUTPUT_FILE_0}\"\n";
			showEnvVarsInLog = 0;
		};
/* End PBXShellScriptBuildPhase section */

/* Begin PBXSourcesBuildPhase section */
		16DF7F6B2565DFB4005A4110 /* Sources */ = {
			isa = PBXSourcesBuildPhase;
			buildActionMask = 2147483647;
			files = (
				169897C7258BCCCF002AA3E6 /* Date+Extension.swift in Sources */,
				1645BA74259B6E2700C2D2F0 /* TimeFormatter.swift in Sources */,
				16953EB425913E4500530AC2 /* CategoryChart.swift in Sources */,
				1627A8162575822D00F42B09 /* WakaTimeService.swift in Sources */,
				1627A802257559DD00F42B09 /* StatsVC.swift in Sources */,
				1627A7FD257559CD00F42B09 /* UserVC.swift in Sources */,
				16DF7F772565DFB4005A4110 /* WelcomeVC.swift in Sources */,
				16DF7F732565DFB4005A4110 /* AppDelegate.swift in Sources */,
				1694E20B25839BFA00BC6198 /* ShortDateFormatter.swift in Sources */,
				16613F1B2577C96D0074C8B8 /* Stats.swift in Sources */,
				160C03B22579664B005C92D0 /* PercentFormatter.swift in Sources */,
				163D72E72582B64E00E5393C /* SecondsToTimeFormatter.swift in Sources */,
				16F05F8D258A46B5008FAD6C /* SettingsView.swift in Sources */,
				1627A807257559F700F42B09 /* TabBarVC.swift in Sources */,
				1627A82C2575878C00F42B09 /* User.swift in Sources */,
				16DF7F752565DFB4005A4110 /* SceneDelegate.swift in Sources */,
				16A146EA2581790500C50D3F /* Summary.swift in Sources */,
				16D361ED2592CFA4003CF48C /* Alert+Extension.swift in Sources */,
				16A146EF25817C2A00C50D3F /* StatsView.swift in Sources */,
				1627A80C257581D500F42B09 /* ServiceProvider.swift in Sources */,
				1650DBCC2576457B00F1F148 /* DateFormatter.swift in Sources */,
				16629AD4259B89C300633AEE /* DailyAverageView.swift in Sources */,
				169897CC258BD0B7002AA3E6 /* DateSelector.swift in Sources */,
				163D72E22582AF0600E5393C /* CustomCategoryData.swift in Sources */,
				16D361E82592CDD3003CF48C /* Error.swift in Sources */,
				164A59DB256C6C0F009442A8 /* KeychainWrapper.swift in Sources */,
				1627A811257581ED00F42B09 /* Service.swift in Sources */,
				1645BA79259B6F8900C2D2F0 /* DailyAverageChart.swift in Sources */,
				1627A8232575865E00F42B09 /* UserView.swift in Sources */,
				16F05F85258A45FD008FAD6C /* SettingsVC.swift in Sources */,
				167CC298256C26BD004D919A /* OAuth.swift in Sources */,
				164A59D0256C6732009442A8 /* WelcomeView.swift in Sources */,
				16953EAB25913CBA00530AC2 /* PieChart.swift in Sources */,
			);
			runOnlyForDeploymentPostprocessing = 0;
		};
		16DF7F812565DFB4005A4110 /* Sources */ = {
			isa = PBXSourcesBuildPhase;
			buildActionMask = 2147483647;
			files = (
				16DF7F8A2565DFB4005A4110 /* WakaHubTests.swift in Sources */,
			);
			runOnlyForDeploymentPostprocessing = 0;
		};
		16DF7F8C2565DFB4005A4110 /* Sources */ = {
			isa = PBXSourcesBuildPhase;
			buildActionMask = 2147483647;
			files = (
				16DF7F952565DFB4005A4110 /* WakaHubUITests.swift in Sources */,
			);
			runOnlyForDeploymentPostprocessing = 0;
		};
/* End PBXSourcesBuildPhase section */

/* Begin PBXTargetDependency section */
		16DF7F872565DFB4005A4110 /* PBXTargetDependency */ = {
			isa = PBXTargetDependency;
			target = 16DF7F6E2565DFB4005A4110 /* WakaHub */;
			targetProxy = 16DF7F862565DFB4005A4110 /* PBXContainerItemProxy */;
		};
		16DF7F922565DFB4005A4110 /* PBXTargetDependency */ = {
			isa = PBXTargetDependency;
			target = 16DF7F6E2565DFB4005A4110 /* WakaHub */;
			targetProxy = 16DF7F912565DFB4005A4110 /* PBXContainerItemProxy */;
		};
/* End PBXTargetDependency section */

/* Begin PBXVariantGroup section */
		16DF7F7D2565DFB4005A4110 /* LaunchScreen.storyboard */ = {
			isa = PBXVariantGroup;
			children = (
				16DF7F7E2565DFB4005A4110 /* Base */,
			);
			name = LaunchScreen.storyboard;
			sourceTree = "<group>";
		};
/* End PBXVariantGroup section */

/* Begin XCBuildConfiguration section */
		16DF7F972565DFB4005A4110 /* Debug */ = {
			isa = XCBuildConfiguration;
			buildSettings = {
				ALWAYS_SEARCH_USER_PATHS = NO;
				CLANG_ANALYZER_NONNULL = YES;
				CLANG_ANALYZER_NUMBER_OBJECT_CONVERSION = YES_AGGRESSIVE;
				CLANG_CXX_LANGUAGE_STANDARD = "gnu++14";
				CLANG_CXX_LIBRARY = "libc++";
				CLANG_ENABLE_MODULES = YES;
				CLANG_ENABLE_OBJC_ARC = YES;
				CLANG_ENABLE_OBJC_WEAK = YES;
				CLANG_WARN_BLOCK_CAPTURE_AUTORELEASING = YES;
				CLANG_WARN_BOOL_CONVERSION = YES;
				CLANG_WARN_COMMA = YES;
				CLANG_WARN_CONSTANT_CONVERSION = YES;
				CLANG_WARN_DEPRECATED_OBJC_IMPLEMENTATIONS = YES;
				CLANG_WARN_DIRECT_OBJC_ISA_USAGE = YES_ERROR;
				CLANG_WARN_DOCUMENTATION_COMMENTS = YES;
				CLANG_WARN_EMPTY_BODY = YES;
				CLANG_WARN_ENUM_CONVERSION = YES;
				CLANG_WARN_INFINITE_RECURSION = YES;
				CLANG_WARN_INT_CONVERSION = YES;
				CLANG_WARN_NON_LITERAL_NULL_CONVERSION = YES;
				CLANG_WARN_OBJC_IMPLICIT_RETAIN_SELF = YES;
				CLANG_WARN_OBJC_LITERAL_CONVERSION = YES;
				CLANG_WARN_OBJC_ROOT_CLASS = YES_ERROR;
				CLANG_WARN_QUOTED_INCLUDE_IN_FRAMEWORK_HEADER = YES;
				CLANG_WARN_RANGE_LOOP_ANALYSIS = YES;
				CLANG_WARN_STRICT_PROTOTYPES = YES;
				CLANG_WARN_SUSPICIOUS_MOVE = YES;
				CLANG_WARN_UNGUARDED_AVAILABILITY = YES_AGGRESSIVE;
				CLANG_WARN_UNREACHABLE_CODE = YES;
				CLANG_WARN__DUPLICATE_METHOD_MATCH = YES;
				COPY_PHASE_STRIP = NO;
				DEBUG_INFORMATION_FORMAT = dwarf;
				ENABLE_STRICT_OBJC_MSGSEND = YES;
				ENABLE_TESTABILITY = YES;
				GCC_C_LANGUAGE_STANDARD = gnu11;
				GCC_DYNAMIC_NO_PIC = NO;
				GCC_NO_COMMON_BLOCKS = YES;
				GCC_OPTIMIZATION_LEVEL = 0;
				GCC_PREPROCESSOR_DEFINITIONS = (
					"DEBUG=1",
					"$(inherited)",
				);
				GCC_WARN_64_TO_32_BIT_CONVERSION = YES;
				GCC_WARN_ABOUT_RETURN_TYPE = YES_ERROR;
				GCC_WARN_UNDECLARED_SELECTOR = YES;
				GCC_WARN_UNINITIALIZED_AUTOS = YES_AGGRESSIVE;
				GCC_WARN_UNUSED_FUNCTION = YES;
				GCC_WARN_UNUSED_VARIABLE = YES;
				IPHONEOS_DEPLOYMENT_TARGET = 14.2;
				MTL_ENABLE_DEBUG_INFO = INCLUDE_SOURCE;
				MTL_FAST_MATH = YES;
				ONLY_ACTIVE_ARCH = YES;
				SDKROOT = iphoneos;
				SWIFT_ACTIVE_COMPILATION_CONDITIONS = DEBUG;
				SWIFT_OPTIMIZATION_LEVEL = "-Onone";
			};
			name = Debug;
		};
		16DF7F982565DFB4005A4110 /* Release */ = {
			isa = XCBuildConfiguration;
			buildSettings = {
				ALWAYS_SEARCH_USER_PATHS = NO;
				CLANG_ANALYZER_NONNULL = YES;
				CLANG_ANALYZER_NUMBER_OBJECT_CONVERSION = YES_AGGRESSIVE;
				CLANG_CXX_LANGUAGE_STANDARD = "gnu++14";
				CLANG_CXX_LIBRARY = "libc++";
				CLANG_ENABLE_MODULES = YES;
				CLANG_ENABLE_OBJC_ARC = YES;
				CLANG_ENABLE_OBJC_WEAK = YES;
				CLANG_WARN_BLOCK_CAPTURE_AUTORELEASING = YES;
				CLANG_WARN_BOOL_CONVERSION = YES;
				CLANG_WARN_COMMA = YES;
				CLANG_WARN_CONSTANT_CONVERSION = YES;
				CLANG_WARN_DEPRECATED_OBJC_IMPLEMENTATIONS = YES;
				CLANG_WARN_DIRECT_OBJC_ISA_USAGE = YES_ERROR;
				CLANG_WARN_DOCUMENTATION_COMMENTS = YES;
				CLANG_WARN_EMPTY_BODY = YES;
				CLANG_WARN_ENUM_CONVERSION = YES;
				CLANG_WARN_INFINITE_RECURSION = YES;
				CLANG_WARN_INT_CONVERSION = YES;
				CLANG_WARN_NON_LITERAL_NULL_CONVERSION = YES;
				CLANG_WARN_OBJC_IMPLICIT_RETAIN_SELF = YES;
				CLANG_WARN_OBJC_LITERAL_CONVERSION = YES;
				CLANG_WARN_OBJC_ROOT_CLASS = YES_ERROR;
				CLANG_WARN_QUOTED_INCLUDE_IN_FRAMEWORK_HEADER = YES;
				CLANG_WARN_RANGE_LOOP_ANALYSIS = YES;
				CLANG_WARN_STRICT_PROTOTYPES = YES;
				CLANG_WARN_SUSPICIOUS_MOVE = YES;
				CLANG_WARN_UNGUARDED_AVAILABILITY = YES_AGGRESSIVE;
				CLANG_WARN_UNREACHABLE_CODE = YES;
				CLANG_WARN__DUPLICATE_METHOD_MATCH = YES;
				COPY_PHASE_STRIP = NO;
				DEBUG_INFORMATION_FORMAT = "dwarf-with-dsym";
				ENABLE_NS_ASSERTIONS = NO;
				ENABLE_STRICT_OBJC_MSGSEND = YES;
				GCC_C_LANGUAGE_STANDARD = gnu11;
				GCC_NO_COMMON_BLOCKS = YES;
				GCC_WARN_64_TO_32_BIT_CONVERSION = YES;
				GCC_WARN_ABOUT_RETURN_TYPE = YES_ERROR;
				GCC_WARN_UNDECLARED_SELECTOR = YES;
				GCC_WARN_UNINITIALIZED_AUTOS = YES_AGGRESSIVE;
				GCC_WARN_UNUSED_FUNCTION = YES;
				GCC_WARN_UNUSED_VARIABLE = YES;
				IPHONEOS_DEPLOYMENT_TARGET = 14.2;
				MTL_ENABLE_DEBUG_INFO = NO;
				MTL_FAST_MATH = YES;
				SDKROOT = iphoneos;
				SWIFT_COMPILATION_MODE = wholemodule;
				SWIFT_OPTIMIZATION_LEVEL = "-O";
				VALIDATE_PRODUCT = YES;
			};
			name = Release;
		};
		16DF7F9A2565DFB4005A4110 /* Debug */ = {
			isa = XCBuildConfiguration;
			baseConfigurationReference = E49F6DCD0D84CACE8EDA61F1 /* Pods-WakaHub.debug.xcconfig */;
			buildSettings = {
				ASSETCATALOG_COMPILER_APPICON_NAME = AppIcon;
				ASSETCATALOG_COMPILER_GLOBAL_ACCENT_COLOR_NAME = AccentColor;
				CODE_SIGN_STYLE = Automatic;
				DEVELOPMENT_TEAM = 9AB3Z82UPH;
				INFOPLIST_FILE = WakaHub/Resources/Info.plist;
				IPHONEOS_DEPLOYMENT_TARGET = 14.0;
				LD_RUNPATH_SEARCH_PATHS = (
					"$(inherited)",
					"@executable_path/Frameworks",
				);
				PRODUCT_BUNDLE_IDENTIFIER = qyzdo.WakaHub;
				PRODUCT_NAME = "$(TARGET_NAME)";
				SWIFT_VERSION = 5.0;
				TARGETED_DEVICE_FAMILY = 1;
			};
			name = Debug;
		};
		16DF7F9B2565DFB4005A4110 /* Release */ = {
			isa = XCBuildConfiguration;
			baseConfigurationReference = CA4C747CC5894F1E63D19C9E /* Pods-WakaHub.release.xcconfig */;
			buildSettings = {
				ASSETCATALOG_COMPILER_APPICON_NAME = AppIcon;
				ASSETCATALOG_COMPILER_GLOBAL_ACCENT_COLOR_NAME = AccentColor;
				CODE_SIGN_STYLE = Automatic;
				DEVELOPMENT_TEAM = 9AB3Z82UPH;
				INFOPLIST_FILE = WakaHub/Resources/Info.plist;
				IPHONEOS_DEPLOYMENT_TARGET = 14.0;
				LD_RUNPATH_SEARCH_PATHS = (
					"$(inherited)",
					"@executable_path/Frameworks",
				);
				PRODUCT_BUNDLE_IDENTIFIER = qyzdo.WakaHub;
				PRODUCT_NAME = "$(TARGET_NAME)";
				SWIFT_VERSION = 5.0;
				TARGETED_DEVICE_FAMILY = 1;
			};
			name = Release;
		};
		16DF7F9D2565DFB4005A4110 /* Debug */ = {
			isa = XCBuildConfiguration;
			baseConfigurationReference = ABB793A667CC9CF6AE0E4F02 /* Pods-WakaHubTests.debug.xcconfig */;
			buildSettings = {
				ALWAYS_EMBED_SWIFT_STANDARD_LIBRARIES = YES;
				BUNDLE_LOADER = "$(TEST_HOST)";
				CODE_SIGN_STYLE = Automatic;
				DEVELOPMENT_TEAM = 9AB3Z82UPH;
				INFOPLIST_FILE = WakaHubTests/Info.plist;
				IPHONEOS_DEPLOYMENT_TARGET = 14.2;
				LD_RUNPATH_SEARCH_PATHS = (
					"$(inherited)",
					"@executable_path/Frameworks",
					"@loader_path/Frameworks",
				);
				PRODUCT_BUNDLE_IDENTIFIER = qyzdo.WakaHubTests;
				PRODUCT_NAME = "$(TARGET_NAME)";
				SWIFT_VERSION = 5.0;
				TARGETED_DEVICE_FAMILY = "1,2";
				TEST_HOST = "$(BUILT_PRODUCTS_DIR)/WakaHub.app/WakaHub";
			};
			name = Debug;
		};
		16DF7F9E2565DFB4005A4110 /* Release */ = {
			isa = XCBuildConfiguration;
			baseConfigurationReference = 29630B6456D617A6C5CFF9F0 /* Pods-WakaHubTests.release.xcconfig */;
			buildSettings = {
				ALWAYS_EMBED_SWIFT_STANDARD_LIBRARIES = YES;
				BUNDLE_LOADER = "$(TEST_HOST)";
				CODE_SIGN_STYLE = Automatic;
				DEVELOPMENT_TEAM = 9AB3Z82UPH;
				INFOPLIST_FILE = WakaHubTests/Info.plist;
				IPHONEOS_DEPLOYMENT_TARGET = 14.2;
				LD_RUNPATH_SEARCH_PATHS = (
					"$(inherited)",
					"@executable_path/Frameworks",
					"@loader_path/Frameworks",
				);
				PRODUCT_BUNDLE_IDENTIFIER = qyzdo.WakaHubTests;
				PRODUCT_NAME = "$(TARGET_NAME)";
				SWIFT_VERSION = 5.0;
				TARGETED_DEVICE_FAMILY = "1,2";
				TEST_HOST = "$(BUILT_PRODUCTS_DIR)/WakaHub.app/WakaHub";
			};
			name = Release;
		};
		16DF7FA02565DFB4005A4110 /* Debug */ = {
			isa = XCBuildConfiguration;
			baseConfigurationReference = F275457CFE36A1449ED54866 /* Pods-WakaHub-WakaHubUITests.debug.xcconfig */;
			buildSettings = {
				ALWAYS_EMBED_SWIFT_STANDARD_LIBRARIES = YES;
				CODE_SIGN_STYLE = Automatic;
				DEVELOPMENT_TEAM = 9AB3Z82UPH;
				INFOPLIST_FILE = WakaHubUITests/Info.plist;
				LD_RUNPATH_SEARCH_PATHS = (
					"$(inherited)",
					"@executable_path/Frameworks",
					"@loader_path/Frameworks",
				);
				PRODUCT_BUNDLE_IDENTIFIER = qyzdo.WakaHubUITests;
				PRODUCT_NAME = "$(TARGET_NAME)";
				SWIFT_VERSION = 5.0;
				TARGETED_DEVICE_FAMILY = "1,2";
				TEST_TARGET_NAME = WakaHub;
			};
			name = Debug;
		};
		16DF7FA12565DFB4005A4110 /* Release */ = {
			isa = XCBuildConfiguration;
			baseConfigurationReference = C525DC31988864D3D02F9944 /* Pods-WakaHub-WakaHubUITests.release.xcconfig */;
			buildSettings = {
				ALWAYS_EMBED_SWIFT_STANDARD_LIBRARIES = YES;
				CODE_SIGN_STYLE = Automatic;
				DEVELOPMENT_TEAM = 9AB3Z82UPH;
				INFOPLIST_FILE = WakaHubUITests/Info.plist;
				LD_RUNPATH_SEARCH_PATHS = (
					"$(inherited)",
					"@executable_path/Frameworks",
					"@loader_path/Frameworks",
				);
				PRODUCT_BUNDLE_IDENTIFIER = qyzdo.WakaHubUITests;
				PRODUCT_NAME = "$(TARGET_NAME)";
				SWIFT_VERSION = 5.0;
				TARGETED_DEVICE_FAMILY = "1,2";
				TEST_TARGET_NAME = WakaHub;
			};
			name = Release;
		};
/* End XCBuildConfiguration section */

/* Begin XCConfigurationList section */
		16DF7F6A2565DFB4005A4110 /* Build configuration list for PBXProject "WakaHub" */ = {
			isa = XCConfigurationList;
			buildConfigurations = (
				16DF7F972565DFB4005A4110 /* Debug */,
				16DF7F982565DFB4005A4110 /* Release */,
			);
			defaultConfigurationIsVisible = 0;
			defaultConfigurationName = Release;
		};
		16DF7F992565DFB4005A4110 /* Build configuration list for PBXNativeTarget "WakaHub" */ = {
			isa = XCConfigurationList;
			buildConfigurations = (
				16DF7F9A2565DFB4005A4110 /* Debug */,
				16DF7F9B2565DFB4005A4110 /* Release */,
			);
			defaultConfigurationIsVisible = 0;
			defaultConfigurationName = Release;
		};
		16DF7F9C2565DFB4005A4110 /* Build configuration list for PBXNativeTarget "WakaHubTests" */ = {
			isa = XCConfigurationList;
			buildConfigurations = (
				16DF7F9D2565DFB4005A4110 /* Debug */,
				16DF7F9E2565DFB4005A4110 /* Release */,
			);
			defaultConfigurationIsVisible = 0;
			defaultConfigurationName = Release;
		};
		16DF7F9F2565DFB4005A4110 /* Build configuration list for PBXNativeTarget "WakaHubUITests" */ = {
			isa = XCConfigurationList;
			buildConfigurations = (
				16DF7FA02565DFB4005A4110 /* Debug */,
				16DF7FA12565DFB4005A4110 /* Release */,
			);
			defaultConfigurationIsVisible = 0;
			defaultConfigurationName = Release;
		};
/* End XCConfigurationList section */
	};
	rootObject = 16DF7F672565DFB4005A4110 /* Project object */;
}
